// !$*UTF8*$!
{
	archiveVersion = 1;
	classes = {
	};
	objectVersion = 77;
	objects = {

/* Begin PBXContainerItemProxy section */
		ADBA19B92D41D65C0035CFA9 /* PBXContainerItemProxy */ = {
			isa = PBXContainerItemProxy;
			containerPortal = ADBA19A02D41D65A0035CFA9 /* Project object */;
			proxyType = 1;
			remoteGlobalIDString = ADBA19A72D41D65A0035CFA9;
			remoteInfo = MealBuddy;
		};
		ADBA19C32D41D65D0035CFA9 /* PBXContainerItemProxy */ = {
			isa = PBXContainerItemProxy;
			containerPortal = ADBA19A02D41D65A0035CFA9 /* Project object */;
			proxyType = 1;
			remoteGlobalIDString = ADBA19A72D41D65A0035CFA9;
			remoteInfo = MealBuddy;
		};
/* End PBXContainerItemProxy section */

/* Begin PBXFileReference section */
		ADBA19A82D41D65A0035CFA9 /* MealBuddy.app */ = {isa = PBXFileReference; explicitFileType = wrapper.application; includeInIndex = 0; path = MealBuddy.app; sourceTree = BUILT_PRODUCTS_DIR; };
		ADBA19B82D41D65C0035CFA9 /* MealBuddyTests.xctest */ = {isa = PBXFileReference; explicitFileType = wrapper.cfbundle; includeInIndex = 0; path = MealBuddyTests.xctest; sourceTree = BUILT_PRODUCTS_DIR; };
		ADBA19C22D41D65D0035CFA9 /* MealBuddyUITests.xctest */ = {isa = PBXFileReference; explicitFileType = wrapper.cfbundle; includeInIndex = 0; path = MealBuddyUITests.xctest; sourceTree = BUILT_PRODUCTS_DIR; };
/* End PBXFileReference section */

/* Begin PBXFileSystemSynchronizedRootGroup section */
		ADBA19AA2D41D65A0035CFA9 /* MealBuddy */ = {
			isa = PBXFileSystemSynchronizedRootGroup;
			path = MealBuddy;
			sourceTree = "<group>";
		};
		ADBA19BB2D41D65C0035CFA9 /* MealBuddyTests */ = {
			isa = PBXFileSystemSynchronizedRootGroup;
			path = MealBuddyTests;
			sourceTree = "<group>";
		};
		ADBA19C52D41D65D0035CFA9 /* MealBuddyUITests */ = {
			isa = PBXFileSystemSynchronizedRootGroup;
			path = MealBuddyUITests;
			sourceTree = "<group>";
		};
/* End PBXFileSystemSynchronizedRootGroup section */

/* Begin PBXFrameworksBuildPhase section */
		ADBA19A52D41D65A0035CFA9 /* Frameworks */ = {
			isa = PBXFrameworksBuildPhase;
			buildActionMask = 2147483647;
			files = (
			);
			runOnlyForDeploymentPostprocessing = 0;
		};
		ADBA19B52D41D65C0035CFA9 /* Frameworks */ = {
			isa = PBXFrameworksBuildPhase;
			buildActionMask = 2147483647;
			files = (
			);
			runOnlyForDeploymentPostprocessing = 0;
		};
		ADBA19BF2D41D65D0035CFA9 /* Frameworks */ = {
			isa = PBXFrameworksBuildPhase;
			buildActionMask = 2147483647;
			files = (
			);
			runOnlyForDeploymentPostprocessing = 0;
		};
/* End PBXFrameworksBuildPhase section */

/* Begin PBXGroup section */
		ADBA199F2D41D65A0035CFA9 = {
			isa = PBXGroup;
			children = (
				ADBA19AA2D41D65A0035CFA9 /* MealBuddy */,
				ADBA19BB2D41D65C0035CFA9 /* MealBuddyTests */,
				ADBA19C52D41D65D0035CFA9 /* MealBuddyUITests */,
				ADBA19A92D41D65A0035CFA9 /* Products */,
			);
			sourceTree = "<group>";
		};
		ADBA19A92D41D65A0035CFA9 /* Products */ = {
			isa = PBXGroup;
			children = (
				ADBA19A82D41D65A0035CFA9 /* MealBuddy.app */,
				ADBA19B82D41D65C0035CFA9 /* MealBuddyTests.xctest */,
				ADBA19C22D41D65D0035CFA9 /* MealBuddyUITests.xctest */,
			);
			name = Products;
			sourceTree = "<group>";
		};
/* End PBXGroup section */

/* Begin PBXNativeTarget section */
		ADBA19A72D41D65A0035CFA9 /* MealBuddy */ = {
			isa = PBXNativeTarget;
			buildConfigurationList = ADBA19CC2D41D65D0035CFA9 /* Build configuration list for PBXNativeTarget "MealBuddy" */;
			buildPhases = (
				ADBA19A42D41D65A0035CFA9 /* Sources */,
				ADBA19A52D41D65A0035CFA9 /* Frameworks */,
				ADBA19A62D41D65A0035CFA9 /* Resources */,
			);
			buildRules = (
			);
			dependencies = (
			);
			fileSystemSynchronizedGroups = (
				ADBA19AA2D41D65A0035CFA9 /* MealBuddy */,
			);
			name = MealBuddy;
			packageProductDependencies = (
			);
			productName = MealBuddy;
			productReference = ADBA19A82D41D65A0035CFA9 /* MealBuddy.app */;
			productType = "com.apple.product-type.application";
		};
		ADBA19B72D41D65C0035CFA9 /* MealBuddyTests */ = {
			isa = PBXNativeTarget;
			buildConfigurationList = ADBA19CF2D41D65D0035CFA9 /* Build configuration list for PBXNativeTarget "MealBuddyTests" */;
			buildPhases = (
				ADBA19B42D41D65C0035CFA9 /* Sources */,
				ADBA19B52D41D65C0035CFA9 /* Frameworks */,
				ADBA19B62D41D65C0035CFA9 /* Resources */,
			);
			buildRules = (
			);
			dependencies = (
				ADBA19BA2D41D65C0035CFA9 /* PBXTargetDependency */,
			);
			fileSystemSynchronizedGroups = (
				ADBA19BB2D41D65C0035CFA9 /* MealBuddyTests */,
			);
			name = MealBuddyTests;
			packageProductDependencies = (
			);
			productName = MealBuddyTests;
			productReference = ADBA19B82D41D65C0035CFA9 /* MealBuddyTests.xctest */;
			productType = "com.apple.product-type.bundle.unit-test";
		};
		ADBA19C12D41D65D0035CFA9 /* MealBuddyUITests */ = {
			isa = PBXNativeTarget;
			buildConfigurationList = ADBA19D22D41D65D0035CFA9 /* Build configuration list for PBXNativeTarget "MealBuddyUITests" */;
			buildPhases = (
				ADBA19BE2D41D65D0035CFA9 /* Sources */,
				ADBA19BF2D41D65D0035CFA9 /* Frameworks */,
				ADBA19C02D41D65D0035CFA9 /* Resources */,
			);
			buildRules = (
			);
			dependencies = (
				ADBA19C42D41D65D0035CFA9 /* PBXTargetDependency */,
			);
			fileSystemSynchronizedGroups = (
				ADBA19C52D41D65D0035CFA9 /* MealBuddyUITests */,
			);
			name = MealBuddyUITests;
			packageProductDependencies = (
			);
			productName = MealBuddyUITests;
			productReference = ADBA19C22D41D65D0035CFA9 /* MealBuddyUITests.xctest */;
			productType = "com.apple.product-type.bundle.ui-testing";
		};
/* End PBXNativeTarget section */

/* Begin PBXProject section */
		ADBA19A02D41D65A0035CFA9 /* Project object */ = {
			isa = PBXProject;
			attributes = {
				BuildIndependentTargetsInParallel = 1;
				LastSwiftUpdateCheck = 1600;
				LastUpgradeCheck = 1600;
				TargetAttributes = {
					ADBA19A72D41D65A0035CFA9 = {
						CreatedOnToolsVersion = 16.0;
					};
					ADBA19B72D41D65C0035CFA9 = {
						CreatedOnToolsVersion = 16.0;
						TestTargetID = ADBA19A72D41D65A0035CFA9;
					};
					ADBA19C12D41D65D0035CFA9 = {
						CreatedOnToolsVersion = 16.0;
						TestTargetID = ADBA19A72D41D65A0035CFA9;
					};
				};
			};
			buildConfigurationList = ADBA19A32D41D65A0035CFA9 /* Build configuration list for PBXProject "MealBuddy" */;
			developmentRegion = en;
			hasScannedForEncodings = 0;
			knownRegions = (
				en,
				Base,
			);
			mainGroup = ADBA199F2D41D65A0035CFA9;
			minimizedProjectReferenceProxies = 1;
			preferredProjectObjectVersion = 77;
			productRefGroup = ADBA19A92D41D65A0035CFA9 /* Products */;
			projectDirPath = "";
			projectRoot = "";
			targets = (
				ADBA19A72D41D65A0035CFA9 /* MealBuddy */,
				ADBA19B72D41D65C0035CFA9 /* MealBuddyTests */,
				ADBA19C12D41D65D0035CFA9 /* MealBuddyUITests */,
			);
		};
/* End PBXProject section */

/* Begin PBXResourcesBuildPhase section */
		ADBA19A62D41D65A0035CFA9 /* Resources */ = {
			isa = PBXResourcesBuildPhase;
			buildActionMask = 2147483647;
			files = (
			);
			runOnlyForDeploymentPostprocessing = 0;
		};
		ADBA19B62D41D65C0035CFA9 /* Resources */ = {
			isa = PBXResourcesBuildPhase;
			buildActionMask = 2147483647;
			files = (
			);
			runOnlyForDeploymentPostprocessing = 0;
		};
		ADBA19C02D41D65D0035CFA9 /* Resources */ = {
			isa = PBXResourcesBuildPhase;
			buildActionMask = 2147483647;
			files = (
			);
			runOnlyForDeploymentPostprocessing = 0;
		};
/* End PBXResourcesBuildPhase section */

/* Begin PBXSourcesBuildPhase section */
		ADBA19A42D41D65A0035CFA9 /* Sources */ = {
			isa = PBXSourcesBuildPhase;
			buildActionMask = 2147483647;
			files = (
			);
			runOnlyForDeploymentPostprocessing = 0;
		};
		ADBA19B42D41D65C0035CFA9 /* Sources */ = {
			isa = PBXSourcesBuildPhase;
			buildActionMask = 2147483647;
			files = (
			);
			runOnlyForDeploymentPostprocessing = 0;
		};
		ADBA19BE2D41D65D0035CFA9 /* Sources */ = {
			isa = PBXSourcesBuildPhase;
			buildActionMask = 2147483647;
			files = (
			);
			runOnlyForDeploymentPostprocessing = 0;
		};
/* End PBXSourcesBuildPhase section */

/* Begin PBXTargetDependency section */
		ADBA19BA2D41D65C0035CFA9 /* PBXTargetDependency */ = {
			isa = PBXTargetDependency;
			target = ADBA19A72D41D65A0035CFA9 /* MealBuddy */;
			targetProxy = ADBA19B92D41D65C0035CFA9 /* PBXContainerItemProxy */;
		};
		ADBA19C42D41D65D0035CFA9 /* PBXTargetDependency */ = {
			isa = PBXTargetDependency;
			target = ADBA19A72D41D65A0035CFA9 /* MealBuddy */;
			targetProxy = ADBA19C32D41D65D0035CFA9 /* PBXContainerItemProxy */;
		};
/* End PBXTargetDependency section */

/* Begin XCBuildConfiguration section */
		ADBA19CA2D41D65D0035CFA9 /* Debug */ = {
			isa = XCBuildConfiguration;
			buildSettings = {
				ALWAYS_SEARCH_USER_PATHS = NO;
				ASSETCATALOG_COMPILER_GENERATE_SWIFT_ASSET_SYMBOL_EXTENSIONS = YES;
				CLANG_ANALYZER_NONNULL = YES;
				CLANG_ANALYZER_NUMBER_OBJECT_CONVERSION = YES_AGGRESSIVE;
				CLANG_CXX_LANGUAGE_STANDARD = "gnu++20";
				CLANG_ENABLE_MODULES = YES;
				CLANG_ENABLE_OBJC_ARC = YES;
				CLANG_ENABLE_OBJC_WEAK = YES;
				CLANG_WARN_BLOCK_CAPTURE_AUTORELEASING = YES;
				CLANG_WARN_BOOL_CONVERSION = YES;
				CLANG_WARN_COMMA = YES;
				CLANG_WARN_CONSTANT_CONVERSION = YES;
				CLANG_WARN_DEPRECATED_OBJC_IMPLEMENTATIONS = YES;
				CLANG_WARN_DIRECT_OBJC_ISA_USAGE = YES_ERROR;
				CLANG_WARN_DOCUMENTATION_COMMENTS = YES;
				CLANG_WARN_EMPTY_BODY = YES;
				CLANG_WARN_ENUM_CONVERSION = YES;
				CLANG_WARN_INFINITE_RECURSION = YES;
				CLANG_WARN_INT_CONVERSION = YES;
				CLANG_WARN_NON_LITERAL_NULL_CONVERSION = YES;
				CLANG_WARN_OBJC_IMPLICIT_RETAIN_SELF = YES;
				CLANG_WARN_OBJC_LITERAL_CONVERSION = YES;
				CLANG_WARN_OBJC_ROOT_CLASS = YES_ERROR;
				CLANG_WARN_QUOTED_INCLUDE_IN_FRAMEWORK_HEADER = YES;
				CLANG_WARN_RANGE_LOOP_ANALYSIS = YES;
				CLANG_WARN_STRICT_PROTOTYPES = YES;
				CLANG_WARN_SUSPICIOUS_MOVE = YES;
				CLANG_WARN_UNGUARDED_AVAILABILITY = YES_AGGRESSIVE;
				CLANG_WARN_UNREACHABLE_CODE = YES;
				CLANG_WARN__DUPLICATE_METHOD_MATCH = YES;
				COPY_PHASE_STRIP = NO;
				DEBUG_INFORMATION_FORMAT = dwarf;
				ENABLE_STRICT_OBJC_MSGSEND = YES;
				ENABLE_TESTABILITY = YES;
				ENABLE_USER_SCRIPT_SANDBOXING = YES;
				GCC_C_LANGUAGE_STANDARD = gnu17;
				GCC_DYNAMIC_NO_PIC = NO;
				GCC_NO_COMMON_BLOCKS = YES;
				GCC_OPTIMIZATION_LEVEL = 0;
				GCC_PREPROCESSOR_DEFINITIONS = (
					"DEBUG=1",
					"$(inherited)",
				);
				GCC_WARN_64_TO_32_BIT_CONVERSION = YES;
				GCC_WARN_ABOUT_RETURN_TYPE = YES_ERROR;
				GCC_WARN_UNDECLARED_SELECTOR = YES;
				GCC_WARN_UNINITIALIZED_AUTOS = YES_AGGRESSIVE;
				GCC_WARN_UNUSED_FUNCTION = YES;
				GCC_WARN_UNUSED_VARIABLE = YES;
				IPHONEOS_DEPLOYMENT_TARGET = 18.0;
				LOCALIZATION_PREFERS_STRING_CATALOGS = YES;
				MTL_ENABLE_DEBUG_INFO = INCLUDE_SOURCE;
				MTL_FAST_MATH = YES;
				ONLY_ACTIVE_ARCH = YES;
				SDKROOT = iphoneos;
				SWIFT_ACTIVE_COMPILATION_CONDITIONS = "DEBUG $(inherited)";
				SWIFT_OPTIMIZATION_LEVEL = "-Onone";
			};
			name = Debug;
		};
		ADBA19CB2D41D65D0035CFA9 /* Release */ = {
			isa = XCBuildConfiguration;
			buildSettings = {
				ALWAYS_SEARCH_USER_PATHS = NO;
				ASSETCATALOG_COMPILER_GENERATE_SWIFT_ASSET_SYMBOL_EXTENSIONS = YES;
				CLANG_ANALYZER_NONNULL = YES;
				CLANG_ANALYZER_NUMBER_OBJECT_CONVERSION = YES_AGGRESSIVE;
				CLANG_CXX_LANGUAGE_STANDARD = "gnu++20";
				CLANG_ENABLE_MODULES = YES;
				CLANG_ENABLE_OBJC_ARC = YES;
				CLANG_ENABLE_OBJC_WEAK = YES;
				CLANG_WARN_BLOCK_CAPTURE_AUTORELEASING = YES;
				CLANG_WARN_BOOL_CONVERSION = YES;
				CLANG_WARN_COMMA = YES;
				CLANG_WARN_CONSTANT_CONVERSION = YES;
				CLANG_WARN_DEPRECATED_OBJC_IMPLEMENTATIONS = YES;
				CLANG_WARN_DIRECT_OBJC_ISA_USAGE = YES_ERROR;
				CLANG_WARN_DOCUMENTATION_COMMENTS = YES;
				CLANG_WARN_EMPTY_BODY = YES;
				CLANG_WARN_ENUM_CONVERSION = YES;
				CLANG_WARN_INFINITE_RECURSION = YES;
				CLANG_WARN_INT_CONVERSION = YES;
				CLANG_WARN_NON_LITERAL_NULL_CONVERSION = YES;
				CLANG_WARN_OBJC_IMPLICIT_RETAIN_SELF = YES;
				CLANG_WARN_OBJC_LITERAL_CONVERSION = YES;
				CLANG_WARN_OBJC_ROOT_CLASS = YES_ERROR;
				CLANG_WARN_QUOTED_INCLUDE_IN_FRAMEWORK_HEADER = YES;
				CLANG_WARN_RANGE_LOOP_ANALYSIS = YES;
				CLANG_WARN_STRICT_PROTOTYPES = YES;
				CLANG_WARN_SUSPICIOUS_MOVE = YES;
				CLANG_WARN_UNGUARDED_AVAILABILITY = YES_AGGRESSIVE;
				CLANG_WARN_UNREACHABLE_CODE = YES;
				CLANG_WARN__DUPLICATE_METHOD_MATCH = YES;
				COPY_PHASE_STRIP = NO;
				DEBUG_INFORMATION_FORMAT = "dwarf-with-dsym";
				ENABLE_NS_ASSERTIONS = NO;
				ENABLE_STRICT_OBJC_MSGSEND = YES;
				ENABLE_USER_SCRIPT_SANDBOXING = YES;
				GCC_C_LANGUAGE_STANDARD = gnu17;
				GCC_NO_COMMON_BLOCKS = YES;
				GCC_WARN_64_TO_32_BIT_CONVERSION = YES;
				GCC_WARN_ABOUT_RETURN_TYPE = YES_ERROR;
				GCC_WARN_UNDECLARED_SELECTOR = YES;
				GCC_WARN_UNINITIALIZED_AUTOS = YES_AGGRESSIVE;
				GCC_WARN_UNUSED_FUNCTION = YES;
				GCC_WARN_UNUSED_VARIABLE = YES;
				IPHONEOS_DEPLOYMENT_TARGET = 18.0;
				LOCALIZATION_PREFERS_STRING_CATALOGS = YES;
				MTL_ENABLE_DEBUG_INFO = NO;
				MTL_FAST_MATH = YES;
				SDKROOT = iphoneos;
				SWIFT_COMPILATION_MODE = wholemodule;
				VALIDATE_PRODUCT = YES;
			};
			name = Release;
		};
		ADBA19CD2D41D65D0035CFA9 /* Debug */ = {
			isa = XCBuildConfiguration;
			buildSettings = {
				ASSETCATALOG_COMPILER_APPICON_NAME = AppIcon;
				ASSETCATALOG_COMPILER_GLOBAL_ACCENT_COLOR_NAME = AccentColor;
				CODE_SIGN_STYLE = Automatic;
				CURRENT_PROJECT_VERSION = 1;
				DEVELOPMENT_ASSET_PATHS = "\"MealBuddy/Preview Content\"";
				DEVELOPMENT_TEAM = VB6N5HD2Q5;
				ENABLE_PREVIEWS = YES;
				GENERATE_INFOPLIST_FILE = YES;
				INFOPLIST_KEY_UIApplicationSceneManifest_Generation = YES;
				INFOPLIST_KEY_UIApplicationSupportsIndirectInputEvents = YES;
				INFOPLIST_KEY_UILaunchScreen_Generation = YES;
				INFOPLIST_KEY_UISupportedInterfaceOrientations_iPad = "UIInterfaceOrientationPortrait UIInterfaceOrientationPortraitUpsideDown UIInterfaceOrientationLandscapeLeft UIInterfaceOrientationLandscapeRight";
				INFOPLIST_KEY_UISupportedInterfaceOrientations_iPhone = "UIInterfaceOrientationPortrait UIInterfaceOrientationLandscapeLeft UIInterfaceOrientationLandscapeRight";
				LD_RUNPATH_SEARCH_PATHS = (
					"$(inherited)",
					"@executable_path/Frameworks",
				);
				MARKETING_VERSION = 1.0;
				PRODUCT_BUNDLE_IDENTIFIER = "com.hoang-hieu.MealBuddy";
				PRODUCT_NAME = "$(TARGET_NAME)";
				SWIFT_EMIT_LOC_STRINGS = YES;
				SWIFT_VERSION = 5.0;
				TARGETED_DEVICE_FAMILY = "1,2";
			};
			name = Debug;
		};
		ADBA19CE2D41D65D0035CFA9 /* Release */ = {
			isa = XCBuildConfiguration;
			buildSettings = {
				ASSETCATALOG_COMPILER_APPICON_NAME = AppIcon;
				ASSETCATALOG_COMPILER_GLOBAL_ACCENT_COLOR_NAME = AccentColor;
				CODE_SIGN_STYLE = Automatic;
				CURRENT_PROJECT_VERSION = 1;
				DEVELOPMENT_ASSET_PATHS = "\"MealBuddy/Preview Content\"";
				DEVELOPMENT_TEAM = VB6N5HD2Q5;
				ENABLE_PREVIEWS = YES;
				GENERATE_INFOPLIST_FILE = YES;
				INFOPLIST_KEY_UIApplicationSceneManifest_Generation = YES;
				INFOPLIST_KEY_UIApplicationSupportsIndirectInputEvents = YES;
				INFOPLIST_KEY_UILaunchScreen_Generation = YES;
				INFOPLIST_KEY_UISupportedInterfaceOrientations_iPad = "UIInterfaceOrientationPortrait UIInterfaceOrientationPortraitUpsideDown UIInterfaceOrientationLandscapeLeft UIInterfaceOrientationLandscapeRight";
				INFOPLIST_KEY_UISupportedInterfaceOrientations_iPhone = "UIInterfaceOrientationPortrait UIInterfaceOrientationLandscapeLeft UIInterfaceOrientationLandscapeRight";
				LD_RUNPATH_SEARCH_PATHS = (
					"$(inherited)",
					"@executable_path/Frameworks",
				);
				MARKETING_VERSION = 1.0;
				PRODUCT_BUNDLE_IDENTIFIER = "com.hoang-hieu.MealBuddy";
				PRODUCT_NAME = "$(TARGET_NAME)";
				SWIFT_EMIT_LOC_STRINGS = YES;
				SWIFT_VERSION = 5.0;
				TARGETED_DEVICE_FAMILY = "1,2";
			};
			name = Release;
		};
		ADBA19D02D41D65D0035CFA9 /* Debug */ = {
			isa = XCBuildConfiguration;
			buildSettings = {
				BUNDLE_LOADER = "$(TEST_HOST)";
				CODE_SIGN_STYLE = Automatic;
				CURRENT_PROJECT_VERSION = 1;
				DEVELOPMENT_TEAM = VB6N5HD2Q5;
				GENERATE_INFOPLIST_FILE = YES;
				IPHONEOS_DEPLOYMENT_TARGET = 18.0;
				MARKETING_VERSION = 1.0;
				PRODUCT_BUNDLE_IDENTIFIER = "com.hoang-hieu.MealBuddyTests";
				PRODUCT_NAME = "$(TARGET_NAME)";
				SWIFT_EMIT_LOC_STRINGS = NO;
				SWIFT_VERSION = 5.0;
				TARGETED_DEVICE_FAMILY = "1,2";
				TEST_HOST = "$(BUILT_PRODUCTS_DIR)/MealBuddy.app/$(BUNDLE_EXECUTABLE_FOLDER_PATH)/MealBuddy";
			};
			name = Debug;
		};
		ADBA19D12D41D65D0035CFA9 /* Release */ = {
			isa = XCBuildConfiguration;
			buildSettings = {
				BUNDLE_LOADER = "$(TEST_HOST)";
				CODE_SIGN_STYLE = Automatic;
				CURRENT_PROJECT_VERSION = 1;
				DEVELOPMENT_TEAM = VB6N5HD2Q5;
				GENERATE_INFOPLIST_FILE = YES;
				IPHONEOS_DEPLOYMENT_TARGET = 18.0;
				MARKETING_VERSION = 1.0;
				PRODUCT_BUNDLE_IDENTIFIER = "com.hoang-hieu.MealBuddyTests";
				PRODUCT_NAME = "$(TARGET_NAME)";
				SWIFT_EMIT_LOC_STRINGS = NO;
				SWIFT_VERSION = 5.0;
				TARGETED_DEVICE_FAMILY = "1,2";
				TEST_HOST = "$(BUILT_PRODUCTS_DIR)/MealBuddy.app/$(BUNDLE_EXECUTABLE_FOLDER_PATH)/MealBuddy";
			};
			name = Release;
		};
		ADBA19D32D41D65D0035CFA9 /* Debug */ = {
			isa = XCBuildConfiguration;
			buildSettings = {
				CODE_SIGN_STYLE = Automatic;
				CURRENT_PROJECT_VERSION = 1;
				DEVELOPMENT_TEAM = VB6N5HD2Q5;
				GENERATE_INFOPLIST_FILE = YES;
				MARKETING_VERSION = 1.0;
				PRODUCT_BUNDLE_IDENTIFIER = "com.hoang-hieu.MealBuddyUITests";
				PRODUCT_NAME = "$(TARGET_NAME)";
				SWIFT_EMIT_LOC_STRINGS = NO;
				SWIFT_VERSION = 5.0;
				TARGETED_DEVICE_FAMILY = "1,2";
				TEST_TARGET_NAME = MealBuddy;
			};
			name = Debug;
		};
		ADBA19D42D41D65D0035CFA9 /* Release */ = {
			isa = XCBuildConfiguration;
			buildSettings = {
				CODE_SIGN_STYLE = Automatic;
				CURRENT_PROJECT_VERSION = 1;
				DEVELOPMENT_TEAM = VB6N5HD2Q5;
				GENERATE_INFOPLIST_FILE = YES;
				MARKETING_VERSION = 1.0;
				PRODUCT_BUNDLE_IDENTIFIER = "com.hoang-hieu.MealBuddyUITests";
				PRODUCT_NAME = "$(TARGET_NAME)";
				SWIFT_EMIT_LOC_STRINGS = NO;
				SWIFT_VERSION = 5.0;
				TARGETED_DEVICE_FAMILY = "1,2";
				TEST_TARGET_NAME = MealBuddy;
			};
			name = Release;
		};
/* End XCBuildConfiguration section */

/* Begin XCConfigurationList section */
		ADBA19A32D41D65A0035CFA9 /* Build configuration list for PBXProject "MealBuddy" */ = {
			isa = XCConfigurationList;
			buildConfigurations = (
				ADBA19CA2D41D65D0035CFA9 /* Debug */,
				ADBA19CB2D41D65D0035CFA9 /* Release */,
			);
			defaultConfigurationIsVisible = 0;
			defaultConfigurationName = Release;
		};
		ADBA19CC2D41D65D0035CFA9 /* Build configuration list for PBXNativeTarget "MealBuddy" */ = {
			isa = XCConfigurationList;
			buildConfigurations = (
				ADBA19CD2D41D65D0035CFA9 /* Debug */,
				ADBA19CE2D41D65D0035CFA9 /* Release */,
			);
			defaultConfigurationIsVisible = 0;
			defaultConfigurationName = Release;
		};
		ADBA19CF2D41D65D0035CFA9 /* Build configuration list for PBXNativeTarget "MealBuddyTests" */ = {
			isa = XCConfigurationList;
			buildConfigurations = (
				ADBA19D02D41D65D0035CFA9 /* Debug */,
				ADBA19D12D41D65D0035CFA9 /* Release */,
			);
			defaultConfigurationIsVisible = 0;
			defaultConfigurationName = Release;
		};
		ADBA19D22D41D65D0035CFA9 /* Build configuration list for PBXNativeTarget "MealBuddyUITests" */ = {
			isa = XCConfigurationList;
			buildConfigurations = (
				ADBA19D32D41D65D0035CFA9 /* Debug */,
				ADBA19D42D41D65D0035CFA9 /* Release */,
			);
			defaultConfigurationIsVisible = 0;
			defaultConfigurationName = Release;
		};
/* End XCConfigurationList section */
	};
	rootObject = ADBA19A02D41D65A0035CFA9 /* Project object */;
}
